// !$*UTF8*$!
{
	archiveVersion = 1;
	classes = {
	};
	objectVersion = 77;
	objects = {

/* Begin PBXBuildFile section */
		A1821BB73000DE7D00EE80A5 /* .gitignore in Resources */ = {isa = PBXBuildFile; fileRef = A1821BB63000DE7D00EE80A5 /* .gitignore */; };
		A1DF1C0B300E133C00A7576E /* RecordedAudioBuffer.swift in Sources */ = {isa = PBXBuildFile; fileRef = A1DF1C0A300E133A00A7576E /* RecordedAudioBuffer.swift */; };
		A1DF1C0D300E136200A7576E /* SendableEngine.swift in Sources */ = {isa = PBXBuildFile; fileRef = A1DF1C0C300E136100A7576E /* SendableEngine.swift */; };
		A1DF1C0F300E14E600A7576E /* AudioError.swift in Sources */ = {isa = PBXBuildFile; fileRef = A1DF1C0E300E14DF00A7576E /* AudioError.swift */; };
		A1FA6EDC300CA99700B987B0 /* SpeechTranscriptionService.swift in Sources */ = {isa = PBXBuildFile; fileRef = A1FA6EDB300CA99400B987B0 /* SpeechTranscriptionService.swift */; };
		A1FA6EE0300CAD8100B987B0 /* AudioRecordingService.swift in Sources */ = {isa = PBXBuildFile; fileRef = A1FA6EDF300CAD7F00B987B0 /* AudioRecordingService.swift */; };
		C31DF2FD3003BC6700831981 /* .swiftlint.yml in Resources */ = {isa = PBXBuildFile; fileRef = C31DF2FC3003BC6700831981 /* .swiftlint.yml */; };
		EC4D4FAE30071BF100FB5735 /* NOMAApp.swift in Sources */ = {isa = PBXBuildFile; fileRef = EC4D4FA930071BF100FB5735 /* NOMAApp.swift */; };
		EC4D4FAF30071BF100FB5735 /* ContentView.swift in Sources */ = {isa = PBXBuildFile; fileRef = EC4D4FAC30071BF100FB5735 /* ContentView.swift */; };
		EC4D4FB030071BF100FB5735 /* Assets.xcassets in Resources */ = {isa = PBXBuildFile; fileRef = EC4D4FAB30071BF100FB5735 /* Assets.xcassets */; };
		EC4D4FC33007299000FB5735 /* AudioRecording.swift in Sources */ = {isa = PBXBuildFile; fileRef = EC4D4FC23007299000FB5735 /* AudioRecording.swift */; };
		EC4D4FC5300729A000FB5735 /* SpeechTranscribing.swift in Sources */ = {isa = PBXBuildFile; fileRef = EC4D4FC4300729A000FB5735 /* SpeechTranscribing.swift */; };
		EC4D4FD13007300900FB5735 /* OnboardingFile.swift in Sources */ = {isa = PBXBuildFile; fileRef = EC4D4FD03007300900FB5735 /* OnboardingFile.swift */; };
		EC4D4FDB3007304300FB5735 /* HomeFile.swift in Sources */ = {isa = PBXBuildFile; fileRef = EC4D4FDA3007304300FB5735 /* HomeFile.swift */; };
		EC4D4FDD3007304600FB5735 /* PermissionFile.swift in Sources */ = {isa = PBXBuildFile; fileRef = EC4D4FDC3007304600FB5735 /* PermissionFile.swift */; };
		EC4D4FDF3007304900FB5735 /* InterviewPracticeFile.swift in Sources */ = {isa = PBXBuildFile; fileRef = EC4D4FDE3007304900FB5735 /* InterviewPracticeFile.swift */; };
		EC4D4FE13007304C00FB5735 /* ReviewFile.swift in Sources */ = {isa = PBXBuildFile; fileRef = EC4D4FE03007304C00FB5735 /* ReviewFile.swift */; };
		EC4D4FE33007304F00FB5735 /* PracticeSummaryFile.swift in Sources */ = {isa = PBXBuildFile; fileRef = EC4D4FE23007304F00FB5735 /* PracticeSummaryFile.swift */; };
		EC4D4FEB300730C700FB5735 /* ModifiersFile.swift in Sources */ = {isa = PBXBuildFile; fileRef = EC4D4FEA300730C700FB5735 /* ModifiersFile.swift */; };
		EC4D4FED300730C900FB5735 /* UtilitiesFile.swift in Sources */ = {isa = PBXBuildFile; fileRef = EC4D4FEC300730C900FB5735 /* UtilitiesFile.swift */; };
		ECC8570E3007BDF8007EC965 /* CapsuleButton.swift in Sources */ = {isa = PBXBuildFile; fileRef = ECC8570B3007BDF8007EC965 /* CapsuleButton.swift */; };
		ECC8570F3007BDF8007EC965 /* CapsuleButtonType.swift in Sources */ = {isa = PBXBuildFile; fileRef = ECC8570C3007BDF8007EC965 /* CapsuleButtonType.swift */; };
		ECC85711300A5664007EC965 /* CapsuleButtonStyle.swift in Sources */ = {isa = PBXBuildFile; fileRef = ECC85710300A5664007EC965 /* CapsuleButtonStyle.swift */; };
		ECC85719300A6228007EC965 /* Color+.swift in Sources */ = {isa = PBXBuildFile; fileRef = ECC85717300A6228007EC965 /* Color+.swift */; };
		ECC8571C300A6BF8007EC965 /* PushButtonSize.swift in Sources */ = {isa = PBXBuildFile; fileRef = ECC8571B300A6BF8007EC965 /* PushButtonSize.swift */; };
		ECC8571E300A6C7E007EC965 /* PushButtonStatus.swift in Sources */ = {isa = PBXBuildFile; fileRef = ECC8571D300A6C7E007EC965 /* PushButtonStatus.swift */; };
		ECC85720300A6D55007EC965 /* PushButtonType.swift in Sources */ = {isa = PBXBuildFile; fileRef = ECC8571F300A6D55007EC965 /* PushButtonType.swift */; };
		ECC85722300A6D8D007EC965 /* PushButton.swift in Sources */ = {isa = PBXBuildFile; fileRef = ECC85721300A6D8D007EC965 /* PushButton.swift */; };
		ECC85724300A6DB0007EC965 /* PushButtonStyle.swift in Sources */ = {isa = PBXBuildFile; fileRef = ECC85723300A6DB0007EC965 /* PushButtonStyle.swift */; };
		ECC85728300B4325007EC965 /* QuestionSpeaking.swift in Sources */ = {isa = PBXBuildFile; fileRef = ECC85727300B4325007EC965 /* QuestionSpeaking.swift */; };
		ECC8572C300B4BC1007EC965 /* RecordedAudio.swift in Sources */ = {isa = PBXBuildFile; fileRef = ECC8572B300B4BC1007EC965 /* RecordedAudio.swift */; };
		ECC85730300B4CD9007EC965 /* TranscriptUpdate.swift in Sources */ = {isa = PBXBuildFile; fileRef = ECC8572F300B4CD9007EC965 /* TranscriptUpdate.swift */; };
		ECC85732300B4F2E007EC965 /* AnswerFeedback.swift in Sources */ = {isa = PBXBuildFile; fileRef = ECC85731300B4F2E007EC965 /* AnswerFeedback.swift */; };
		ECC85734300B4F45007EC965 /* FeedbackItem.swift in Sources */ = {isa = PBXBuildFile; fileRef = ECC85733300B4F45007EC965 /* FeedbackItem.swift */; };
		ECC85736300B4F6C007EC965 /* CorrectedSentence.swift in Sources */ = {isa = PBXBuildFile; fileRef = ECC85735300B4F6C007EC965 /* CorrectedSentence.swift */; };
		ECC85738300B5099007EC965 /* InterviewFeedbackGenerating.swift in Sources */ = {isa = PBXBuildFile; fileRef = ECC85737300B5099007EC965 /* InterviewFeedbackGenerating.swift */; };
		ECC8573A300B5131007EC965 /* InterviewQuestion.swift in Sources */ = {isa = PBXBuildFile; fileRef = ECC85739300B5131007EC965 /* InterviewQuestion.swift */; };
		ECC8573C300B531A007EC965 /* FollowUpQuestionGenerating.swift in Sources */ = {isa = PBXBuildFile; fileRef = ECC8573B300B531A007EC965 /* FollowUpQuestionGenerating.swift */; };
/* End PBXBuildFile section */

/* Begin PBXFileReference section */
		A1821BB63000DE7D00EE80A5 /* .gitignore */ = {isa = PBXFileReference; lastKnownFileType = text; path = .gitignore; sourceTree = "<group>"; };
		A1DF1C09300DED5E00A7576E /* Info.plist */ = {isa = PBXFileReference; lastKnownFileType = text.plist; path = Info.plist; sourceTree = "<group>"; };
		A1DF1C0A300E133A00A7576E /* RecordedAudioBuffer.swift */ = {isa = PBXFileReference; lastKnownFileType = sourcecode.swift; path = RecordedAudioBuffer.swift; sourceTree = "<group>"; };
		A1DF1C0C300E136100A7576E /* SendableEngine.swift */ = {isa = PBXFileReference; lastKnownFileType = sourcecode.swift; path = SendableEngine.swift; sourceTree = "<group>"; };
		A1DF1C0E300E14DF00A7576E /* AudioError.swift */ = {isa = PBXFileReference; lastKnownFileType = sourcecode.swift; path = AudioError.swift; sourceTree = "<group>"; };
		A1FA6ED9300CA5D500B987B0 /* TranscriptUpdate.swift */ = {isa = PBXFileReference; lastKnownFileType = sourcecode.swift; path = TranscriptUpdate.swift; sourceTree = "<group>"; };
		A1FA6EDB300CA99400B987B0 /* SpeechTranscriptionService.swift */ = {isa = PBXFileReference; lastKnownFileType = sourcecode.swift; path = SpeechTranscriptionService.swift; sourceTree = "<group>"; };
		A1FA6EDD300CAD2B00B987B0 /* RecordedAudio.swift */ = {isa = PBXFileReference; lastKnownFileType = sourcecode.swift; path = RecordedAudio.swift; sourceTree = "<group>"; };
		A1FA6EDF300CAD7F00B987B0 /* AudioRecordingService.swift */ = {isa = PBXFileReference; lastKnownFileType = sourcecode.swift; path = AudioRecordingService.swift; sourceTree = "<group>"; };
		C31DF2FC3003BC6700831981 /* .swiftlint.yml */ = {isa = PBXFileReference; lastKnownFileType = text.yaml; path = .swiftlint.yml; sourceTree = "<group>"; };
		EC4D4FA930071BF100FB5735 /* NOMAApp.swift */ = {isa = PBXFileReference; lastKnownFileType = sourcecode.swift; path = NOMAApp.swift; sourceTree = "<group>"; };
		EC4D4FAB30071BF100FB5735 /* Assets.xcassets */ = {isa = PBXFileReference; lastKnownFileType = folder.assetcatalog; path = Assets.xcassets; sourceTree = "<group>"; };
		EC4D4FAC30071BF100FB5735 /* ContentView.swift */ = {isa = PBXFileReference; lastKnownFileType = sourcecode.swift; path = ContentView.swift; sourceTree = "<group>"; };
		EC4D4FC23007299000FB5735 /* AudioRecording.swift */ = {isa = PBXFileReference; lastKnownFileType = sourcecode.swift; path = AudioRecording.swift; sourceTree = "<group>"; };
		EC4D4FC4300729A000FB5735 /* SpeechTranscribing.swift */ = {isa = PBXFileReference; lastKnownFileType = sourcecode.swift; path = SpeechTranscribing.swift; sourceTree = "<group>"; };
		EC4D4FD03007300900FB5735 /* OnboardingFile.swift */ = {isa = PBXFileReference; lastKnownFileType = sourcecode.swift; path = OnboardingFile.swift; sourceTree = "<group>"; };
		EC4D4FDA3007304300FB5735 /* HomeFile.swift */ = {isa = PBXFileReference; lastKnownFileType = sourcecode.swift; path = HomeFile.swift; sourceTree = "<group>"; };
		EC4D4FDC3007304600FB5735 /* PermissionFile.swift */ = {isa = PBXFileReference; lastKnownFileType = sourcecode.swift; path = PermissionFile.swift; sourceTree = "<group>"; };
		EC4D4FDE3007304900FB5735 /* InterviewPracticeFile.swift */ = {isa = PBXFileReference; lastKnownFileType = sourcecode.swift; path = InterviewPracticeFile.swift; sourceTree = "<group>"; };
		EC4D4FE03007304C00FB5735 /* ReviewFile.swift */ = {isa = PBXFileReference; lastKnownFileType = sourcecode.swift; path = ReviewFile.swift; sourceTree = "<group>"; };
		EC4D4FE23007304F00FB5735 /* PracticeSummaryFile.swift */ = {isa = PBXFileReference; lastKnownFileType = sourcecode.swift; path = PracticeSummaryFile.swift; sourceTree = "<group>"; };
		EC4D4FEA300730C700FB5735 /* ModifiersFile.swift */ = {isa = PBXFileReference; lastKnownFileType = sourcecode.swift; path = ModifiersFile.swift; sourceTree = "<group>"; };
		EC4D4FEC300730C900FB5735 /* UtilitiesFile.swift */ = {isa = PBXFileReference; lastKnownFileType = sourcecode.swift; path = UtilitiesFile.swift; sourceTree = "<group>"; };
		ECC8570B3007BDF8007EC965 /* CapsuleButton.swift */ = {isa = PBXFileReference; lastKnownFileType = sourcecode.swift; path = CapsuleButton.swift; sourceTree = "<group>"; };
		ECC8570C3007BDF8007EC965 /* CapsuleButtonType.swift */ = {isa = PBXFileReference; lastKnownFileType = sourcecode.swift; path = CapsuleButtonType.swift; sourceTree = "<group>"; };
		ECC85710300A5664007EC965 /* CapsuleButtonStyle.swift */ = {isa = PBXFileReference; lastKnownFileType = sourcecode.swift; path = CapsuleButtonStyle.swift; sourceTree = "<group>"; };
		ECC85717300A6228007EC965 /* Color+.swift */ = {isa = PBXFileReference; lastKnownFileType = sourcecode.swift; path = "Color+.swift"; sourceTree = "<group>"; };
		ECC8571B300A6BF8007EC965 /* PushButtonSize.swift */ = {isa = PBXFileReference; lastKnownFileType = sourcecode.swift; path = PushButtonSize.swift; sourceTree = "<group>"; };
		ECC8571D300A6C7E007EC965 /* PushButtonStatus.swift */ = {isa = PBXFileReference; lastKnownFileType = sourcecode.swift; path = PushButtonStatus.swift; sourceTree = "<group>"; };
		ECC8571F300A6D55007EC965 /* PushButtonType.swift */ = {isa = PBXFileReference; lastKnownFileType = sourcecode.swift; path = PushButtonType.swift; sourceTree = "<group>"; };
		ECC85721300A6D8D007EC965 /* PushButton.swift */ = {isa = PBXFileReference; lastKnownFileType = sourcecode.swift; path = PushButton.swift; sourceTree = "<group>"; };
		ECC85723300A6DB0007EC965 /* PushButtonStyle.swift */ = {isa = PBXFileReference; lastKnownFileType = sourcecode.swift; path = PushButtonStyle.swift; sourceTree = "<group>"; };
		ECC85727300B4325007EC965 /* QuestionSpeaking.swift */ = {isa = PBXFileReference; lastKnownFileType = sourcecode.swift; path = QuestionSpeaking.swift; sourceTree = "<group>"; };
		ECC8572B300B4BC1007EC965 /* RecordedAudio.swift */ = {isa = PBXFileReference; lastKnownFileType = sourcecode.swift; path = RecordedAudio.swift; sourceTree = "<group>"; };
		ECC8572F300B4CD9007EC965 /* TranscriptUpdate.swift */ = {isa = PBXFileReference; lastKnownFileType = sourcecode.swift; path = TranscriptUpdate.swift; sourceTree = "<group>"; };
		ECC85731300B4F2E007EC965 /* AnswerFeedback.swift */ = {isa = PBXFileReference; lastKnownFileType = sourcecode.swift; path = AnswerFeedback.swift; sourceTree = "<group>"; };
		ECC85733300B4F45007EC965 /* FeedbackItem.swift */ = {isa = PBXFileReference; lastKnownFileType = sourcecode.swift; path = FeedbackItem.swift; sourceTree = "<group>"; };
		ECC85735300B4F6C007EC965 /* CorrectedSentence.swift */ = {isa = PBXFileReference; lastKnownFileType = sourcecode.swift; path = CorrectedSentence.swift; sourceTree = "<group>"; };
		ECC85737300B5099007EC965 /* InterviewFeedbackGenerating.swift */ = {isa = PBXFileReference; lastKnownFileType = sourcecode.swift; path = InterviewFeedbackGenerating.swift; sourceTree = "<group>"; };
		ECC85739300B5131007EC965 /* InterviewQuestion.swift */ = {isa = PBXFileReference; lastKnownFileType = sourcecode.swift; path = InterviewQuestion.swift; sourceTree = "<group>"; };
		ECC8573B300B531A007EC965 /* FollowUpQuestionGenerating.swift */ = {isa = PBXFileReference; lastKnownFileType = sourcecode.swift; path = FollowUpQuestionGenerating.swift; sourceTree = "<group>"; };
		ECF649222FFF661100DA36B7 /* NOMA.app */ = {isa = PBXFileReference; explicitFileType = wrapper.application; includeInIndex = 0; path = NOMA.app; sourceTree = BUILT_PRODUCTS_DIR; };
/* End PBXFileReference section */

/* Begin PBXFrameworksBuildPhase section */
		ECF6491F2FFF661100DA36B7 /* Frameworks */ = {
			isa = PBXFrameworksBuildPhase;
			buildActionMask = 2147483647;
			files = (
			);
			runOnlyForDeploymentPostprocessing = 0;
		};
/* End PBXFrameworksBuildPhase section */

/* Begin PBXGroup section */
		EC4D4FAA30071BF100FB5735 /* Application */ = {
			isa = PBXGroup;
			children = (
				EC4D4FA930071BF100FB5735 /* NOMAApp.swift */,
				EC4D4FAC30071BF100FB5735 /* ContentView.swift */,
			);
			path = Application;
			sourceTree = "<group>";
		};
		EC4D4FAD30071BF100FB5735 /* NOMA */ = {
			isa = PBXGroup;
			children = (
				A1DF1C09300DED5E00A7576E /* Info.plist */,
				EC4D4FAA30071BF100FB5735 /* Application */,
				EC4D4FB130071C0100FB5735 /* Models */,
				EC4D4FB230071C1300FB5735 /* Services */,
				EC4D4FCF30072A0200FB5735 /* Features */,
				EC4D4FE73007308F00FB5735 /* Core */,
				EC4D4FB430071C3000FB5735 /* Resources */,
			);
			path = NOMA;
			sourceTree = "<group>";
		};
		EC4D4FB130071C0100FB5735 /* Models */ = {
			isa = PBXGroup;
			children = (
				A1DF1C0C300E136100A7576E /* SendableEngine.swift */,
				A1DF1C0A300E133A00A7576E /* RecordedAudioBuffer.swift */,
				A1FA6EDD300CAD2B00B987B0 /* RecordedAudio.swift */,
				A1FA6ED9300CA5D500B987B0 /* TranscriptUpdate.swift */,
				EC4D4FB530071E5F00FB5735 /* Enums */,
				ECC8572B300B4BC1007EC965 /* RecordedAudio.swift */,
				ECC8572F300B4CD9007EC965 /* TranscriptUpdate.swift */,
				ECC85731300B4F2E007EC965 /* AnswerFeedback.swift */,
				ECC85735300B4F6C007EC965 /* CorrectedSentence.swift */,
				ECC85739300B5131007EC965 /* InterviewQuestion.swift */,
			);
			path = Models;
			sourceTree = "<group>";
		};
		EC4D4FB230071C1300FB5735 /* Services */ = {
			isa = PBXGroup;
			children = (
				EC4D4FBD30071EDE00FB5735 /* QuestionSpeaking */,
				EC4D4FB830071EA400FB5735 /* AudioRecording */,
				EC4D4FBC30071ED600FB5735 /* SpeechTranscribing */,
				EC4D4FBB30071EC900FB5735 /* InterviewFeedbackGenerating */,
				EC4D4FB930071EA900FB5735 /* FollowUpQuestionGenerating */,
			);
			path = Services;
			sourceTree = "<group>";
		};
		EC4D4FB430071C3000FB5735 /* Resources */ = {
			isa = PBXGroup;
			children = (
				EC4D4FAB30071BF100FB5735 /* Assets.xcassets */,
			);
			path = Resources;
			sourceTree = "<group>";
		};
		EC4D4FB530071E5F00FB5735 /* Enums */ = {
			isa = PBXGroup;
			children = (
				ECC85733300B4F45007EC965 /* FeedbackItem.swift */,
			);
			path = Enums;
			sourceTree = "<group>";
		};
		EC4D4FB830071EA400FB5735 /* AudioRecording */ = {
			isa = PBXGroup;
			children = (
				A1FA6EDF300CAD7F00B987B0 /* AudioRecordingService.swift */,
				EC4D4FC23007299000FB5735 /* AudioRecording.swift */,
			);
			path = AudioRecording;
			sourceTree = "<group>";
		};
		EC4D4FB930071EA900FB5735 /* FollowUpQuestionGenerating */ = {
			isa = PBXGroup;
			children = (
				ECC8573B300B531A007EC965 /* FollowUpQuestionGenerating.swift */,
			);
			path = FollowUpQuestionGenerating;
			sourceTree = "<group>";
		};
		EC4D4FBB30071EC900FB5735 /* InterviewFeedbackGenerating */ = {
			isa = PBXGroup;
			children = (
				ECC85737300B5099007EC965 /* InterviewFeedbackGenerating.swift */,
			);
			path = InterviewFeedbackGenerating;
			sourceTree = "<group>";
		};
		EC4D4FBC30071ED600FB5735 /* SpeechTranscribing */ = {
			isa = PBXGroup;
			children = (
				A1DF1C0E300E14DF00A7576E /* AudioError.swift */,
				A1FA6EDB300CA99400B987B0 /* SpeechTranscriptionService.swift */,
				EC4D4FC4300729A000FB5735 /* SpeechTranscribing.swift */,
			);
			path = SpeechTranscribing;
			sourceTree = "<group>";
		};
		EC4D4FBD30071EDE00FB5735 /* QuestionSpeaking */ = {
			isa = PBXGroup;
			children = (
				ECC85727300B4325007EC965 /* QuestionSpeaking.swift */,
			);
			path = QuestionSpeaking;
			sourceTree = "<group>";
		};
		EC4D4FCF30072A0200FB5735 /* Features */ = {
			isa = PBXGroup;
			children = (
				EC4D4FD43007301C00FB5735 /* Onboarding */,
				EC4D4FD33007301900FB5735 /* Home */,
				EC4D4FD23007301000FB5735 /* Permission */,
				EC4D4FD53007302000FB5735 /* InterviewPractice */,
				EC4D4FD63007302000FB5735 /* Review */,
				EC4D4FD73007302000FB5735 /* PracticeSummary */,
			);
			path = Features;
			sourceTree = "<group>";
		};
		EC4D4FD23007301000FB5735 /* Permission */ = {
			isa = PBXGroup;
			children = (
				EC4D4FDC3007304600FB5735 /* PermissionFile.swift */,
			);
			path = Permission;
			sourceTree = "<group>";
		};
		EC4D4FD33007301900FB5735 /* Home */ = {
			isa = PBXGroup;
			children = (
				EC4D4FDA3007304300FB5735 /* HomeFile.swift */,
			);
			path = Home;
			sourceTree = "<group>";
		};
		EC4D4FD43007301C00FB5735 /* Onboarding */ = {
			isa = PBXGroup;
			children = (
				EC4D4FD03007300900FB5735 /* OnboardingFile.swift */,
			);
			path = Onboarding;
			sourceTree = "<group>";
		};
		EC4D4FD53007302000FB5735 /* InterviewPractice */ = {
			isa = PBXGroup;
			children = (
				EC4D4FDE3007304900FB5735 /* InterviewPracticeFile.swift */,
			);
			path = InterviewPractice;
			sourceTree = "<group>";
		};
		EC4D4FD63007302000FB5735 /* Review */ = {
			isa = PBXGroup;
			children = (
				EC4D4FE03007304C00FB5735 /* ReviewFile.swift */,
			);
			path = Review;
			sourceTree = "<group>";
		};
		EC4D4FD73007302000FB5735 /* PracticeSummary */ = {
			isa = PBXGroup;
			children = (
				EC4D4FE23007304F00FB5735 /* PracticeSummaryFile.swift */,
			);
			path = PracticeSummary;
			sourceTree = "<group>";
		};
		EC4D4FE63007308F00FB5735 /* Components */ = {
			isa = PBXGroup;
			children = (
				ECC8571A300A68CF007EC965 /* PushButton */,
				ECC8570D3007BDF8007EC965 /* CapsuleButton */,
			);
			path = Components;
			sourceTree = "<group>";
		};
		EC4D4FE73007308F00FB5735 /* Core */ = {
			isa = PBXGroup;
			children = (
				ECC85718300A6228007EC965 /* Extensions */,
				EC4D4FE8300730A800FB5735 /* Modifiers */,
				EC4D4FE9300730B900FB5735 /* Utilities */,
				EC4D4FE63007308F00FB5735 /* Components */,
			);
			path = Core;
			sourceTree = "<group>";
		};
		EC4D4FE8300730A800FB5735 /* Modifiers */ = {
			isa = PBXGroup;
			children = (
				EC4D4FEA300730C700FB5735 /* ModifiersFile.swift */,
			);
			path = Modifiers;
			sourceTree = "<group>";
		};
		EC4D4FE9300730B900FB5735 /* Utilities */ = {
			isa = PBXGroup;
			children = (
				EC4D4FEC300730C900FB5735 /* UtilitiesFile.swift */,
			);
			path = Utilities;
			sourceTree = "<group>";
		};
		ECC8570D3007BDF8007EC965 /* CapsuleButton */ = {
			isa = PBXGroup;
			children = (
				ECC8570B3007BDF8007EC965 /* CapsuleButton.swift */,
				ECC8570C3007BDF8007EC965 /* CapsuleButtonType.swift */,
				ECC85710300A5664007EC965 /* CapsuleButtonStyle.swift */,
			);
			path = CapsuleButton;
			sourceTree = "<group>";
		};
		ECC85718300A6228007EC965 /* Extensions */ = {
			isa = PBXGroup;
			children = (
				ECC85717300A6228007EC965 /* Color+.swift */,
			);
			path = Extensions;
			sourceTree = "<group>";
		};
		ECC8571A300A68CF007EC965 /* PushButton */ = {
			isa = PBXGroup;
			children = (
				ECC85721300A6D8D007EC965 /* PushButton.swift */,
				ECC8571F300A6D55007EC965 /* PushButtonType.swift */,
				ECC85723300A6DB0007EC965 /* PushButtonStyle.swift */,
				ECC8571D300A6C7E007EC965 /* PushButtonStatus.swift */,
				ECC8571B300A6BF8007EC965 /* PushButtonSize.swift */,
			);
			path = PushButton;
			sourceTree = "<group>";
		};
		ECF649192FFF661100DA36B7 = {
			isa = PBXGroup;
			children = (
				C31DF2FC3003BC6700831981 /* .swiftlint.yml */,
				A1821BB63000DE7D00EE80A5 /* .gitignore */,
				EC4D4FAD30071BF100FB5735 /* NOMA */,
				ECF649232FFF661100DA36B7 /* Products */,
			);
			sourceTree = "<group>";
		};
		ECF649232FFF661100DA36B7 /* Products */ = {
			isa = PBXGroup;
			children = (
				ECF649222FFF661100DA36B7 /* NOMA.app */,
			);
			name = Products;
			sourceTree = "<group>";
		};
/* End PBXGroup section */

/* Begin PBXNativeTarget section */
		ECF649212FFF661100DA36B7 /* NOMA */ = {
			isa = PBXNativeTarget;
			buildConfigurationList = ECF6492D2FFF661100DA36B7 /* Build configuration list for PBXNativeTarget "NOMA" */;
			buildPhases = (
				C31DF2F93003BBBB00831981 /* SwiftLint Script */,
				ECF6491E2FFF661100DA36B7 /* Sources */,
				ECF6491F2FFF661100DA36B7 /* Frameworks */,
				ECF649202FFF661100DA36B7 /* Resources */,
			);
			buildRules = (
			);
			dependencies = (
			);
			name = NOMA;
			packageProductDependencies = (
			);
			productName = NOMA;
			productReference = ECF649222FFF661100DA36B7 /* NOMA.app */;
			productType = "com.apple.product-type.application";
		};
/* End PBXNativeTarget section */

/* Begin PBXProject section */
		ECF6491A2FFF661100DA36B7 /* Project object */ = {
			isa = PBXProject;
			attributes = {
				BuildIndependentTargetsInParallel = 1;
				LastSwiftUpdateCheck = 2640;
				LastUpgradeCheck = 2640;
				TargetAttributes = {
					ECF649212FFF661100DA36B7 = {
						CreatedOnToolsVersion = 26.4.1;
					};
				};
			};
			buildConfigurationList = ECF6491D2FFF661100DA36B7 /* Build configuration list for PBXProject "NOMA" */;
			developmentRegion = en;
			hasScannedForEncodings = 0;
			knownRegions = (
				en,
				Base,
			);
			mainGroup = ECF649192FFF661100DA36B7;
			minimizedProjectReferenceProxies = 1;
			preferredProjectObjectVersion = 77;
			productRefGroup = ECF649232FFF661100DA36B7 /* Products */;
			projectDirPath = "";
			projectRoot = "";
			targets = (
				ECF649212FFF661100DA36B7 /* NOMA */,
			);
		};
/* End PBXProject section */

/* Begin PBXResourcesBuildPhase section */
		ECF649202FFF661100DA36B7 /* Resources */ = {
			isa = PBXResourcesBuildPhase;
			buildActionMask = 2147483647;
			files = (
				C31DF2FD3003BC6700831981 /* .swiftlint.yml in Resources */,
				EC4D4FB030071BF100FB5735 /* Assets.xcassets in Resources */,
				A1821BB73000DE7D00EE80A5 /* .gitignore in Resources */,
			);
			runOnlyForDeploymentPostprocessing = 0;
		};
/* End PBXResourcesBuildPhase section */

/* Begin PBXShellScriptBuildPhase section */
		C31DF2F93003BBBB00831981 /* SwiftLint Script */ = {
			isa = PBXShellScriptBuildPhase;
			buildActionMask = 2147483647;
			files = (
			);
			inputFileListPaths = (
			);
			inputPaths = (
			);
			name = "SwiftLint Script";
			outputFileListPaths = (
			);
			outputPaths = (
			);
			runOnlyForDeploymentPostprocessing = 0;
			shellPath = /bin/sh;
			shellScript = "export PATH=\"$PATH:/opt/homebrew/bin\"\nif which swiftlint > /dev/null; then\n  swiftlint\nelse\n  echo \"warning: SwiftLint not installed, download from https://github.com/realm/SwiftLint\"\nfi\n";
		};
/* End PBXShellScriptBuildPhase section */

/* Begin PBXSourcesBuildPhase section */
		ECF6491E2FFF661100DA36B7 /* Sources */ = {
			isa = PBXSourcesBuildPhase;
			buildActionMask = 2147483647;
			files = (
				ECC85719300A6228007EC965 /* Color+.swift in Sources */,
				EC4D4FDF3007304900FB5735 /* InterviewPracticeFile.swift in Sources */,
				A1DF1C0B300E133C00A7576E /* RecordedAudioBuffer.swift in Sources */,
				ECC8572C300B4BC1007EC965 /* RecordedAudio.swift in Sources */,
				EC4D4FAE30071BF100FB5735 /* NOMAApp.swift in Sources */,
				A1DF1C0D300E136200A7576E /* SendableEngine.swift in Sources */,
				EC4D4FED300730C900FB5735 /* UtilitiesFile.swift in Sources */,
				ECC85730300B4CD9007EC965 /* TranscriptUpdate.swift in Sources */,
				ECC8573C300B531A007EC965 /* FollowUpQuestionGenerating.swift in Sources */,
				ECC85732300B4F2E007EC965 /* AnswerFeedback.swift in Sources */,
				ECC8573A300B5131007EC965 /* InterviewQuestion.swift in Sources */,
				ECC8571E300A6C7E007EC965 /* PushButtonStatus.swift in Sources */,
				ECC8570E3007BDF8007EC965 /* CapsuleButton.swift in Sources */,
				ECC8570F3007BDF8007EC965 /* CapsuleButtonType.swift in Sources */,
				EC4D4FC33007299000FB5735 /* AudioRecording.swift in Sources */,
				EC4D4FC5300729A000FB5735 /* SpeechTranscribing.swift in Sources */,
				ECC8570E3007BDF8007EC965 /* CapsuleButton.swift in Sources */,
				A1FA6EDC300CA99700B987B0 /* SpeechTranscriptionService.swift in Sources */,
				ECC8570F3007BDF8007EC965 /* CapsuleButtonType.swift in Sources */,
				ECC85720300A6D55007EC965 /* PushButtonType.swift in Sources */,
				EC4D4FDB3007304300FB5735 /* HomeFile.swift in Sources */,
				EC4D4FE33007304F00FB5735 /* PracticeSummaryFile.swift in Sources */,
				ECC85736300B4F6C007EC965 /* CorrectedSentence.swift in Sources */,
				EC4D4FEB300730C700FB5735 /* ModifiersFile.swift in Sources */,
				EC4D4FD13007300900FB5735 /* OnboardingFile.swift in Sources */,
				A1FA6EE0300CAD8100B987B0 /* AudioRecordingService.swift in Sources */,
				EC4D4FE13007304C00FB5735 /* ReviewFile.swift in Sources */,
				EC4D4FDD3007304600FB5735 /* PermissionFile.swift in Sources */,
				ECC85738300B5099007EC965 /* InterviewFeedbackGenerating.swift in Sources */,
				A1DF1C0F300E14E600A7576E /* AudioError.swift in Sources */,
				ECC85734300B4F45007EC965 /* FeedbackItem.swift in Sources */,
				EC4D4FAF30071BF100FB5735 /* ContentView.swift in Sources */,
				ECC85728300B4325007EC965 /* QuestionSpeaking.swift in Sources */,
				ECC8571C300A6BF8007EC965 /* PushButtonSize.swift in Sources */,
				ECC85724300A6DB0007EC965 /* PushButtonStyle.swift in Sources */,
				ECC85711300A5664007EC965 /* CapsuleButtonStyle.swift in Sources */,
				EC4D4FAF30071BF100FB5735 /* ContentView.swift in Sources */,
				ECC85722300A6D8D007EC965 /* PushButton.swift in Sources */,
			);
			runOnlyForDeploymentPostprocessing = 0;
		};
/* End PBXSourcesBuildPhase section */

/* Begin XCBuildConfiguration section */
		ECF6492B2FFF661100DA36B7 /* Debug */ = {
			isa = XCBuildConfiguration;
			buildSettings = {
				ALWAYS_SEARCH_USER_PATHS = NO;
				ASSETCATALOG_COMPILER_GENERATE_SWIFT_ASSET_SYMBOL_EXTENSIONS = YES;
				CLANG_ANALYZER_NONNULL = YES;
				CLANG_ANALYZER_NUMBER_OBJECT_CONVERSION = YES_AGGRESSIVE;
				CLANG_CXX_LANGUAGE_STANDARD = "gnu++20";
				CLANG_ENABLE_MODULES = YES;
				CLANG_ENABLE_OBJC_ARC = YES;
				CLANG_ENABLE_OBJC_WEAK = YES;
				CLANG_WARN_BLOCK_CAPTURE_AUTORELEASING = YES;
				CLANG_WARN_BOOL_CONVERSION = YES;
				CLANG_WARN_COMMA = YES;
				CLANG_WARN_CONSTANT_CONVERSION = YES;
				CLANG_WARN_DEPRECATED_OBJC_IMPLEMENTATIONS = YES;
				CLANG_WARN_DIRECT_OBJC_ISA_USAGE = YES_ERROR;
				CLANG_WARN_DOCUMENTATION_COMMENTS = YES;
				CLANG_WARN_EMPTY_BODY = YES;
				CLANG_WARN_ENUM_CONVERSION = YES;
				CLANG_WARN_INFINITE_RECURSION = YES;
				CLANG_WARN_INT_CONVERSION = YES;
				CLANG_WARN_NON_LITERAL_NULL_CONVERSION = YES;
				CLANG_WARN_OBJC_IMPLICIT_RETAIN_SELF = YES;
				CLANG_WARN_OBJC_LITERAL_CONVERSION = YES;
				CLANG_WARN_OBJC_ROOT_CLASS = YES_ERROR;
				CLANG_WARN_QUOTED_INCLUDE_IN_FRAMEWORK_HEADER = YES;
				CLANG_WARN_RANGE_LOOP_ANALYSIS = YES;
				CLANG_WARN_STRICT_PROTOTYPES = YES;
				CLANG_WARN_SUSPICIOUS_MOVE = YES;
				CLANG_WARN_UNGUARDED_AVAILABILITY = YES_AGGRESSIVE;
				CLANG_WARN_UNREACHABLE_CODE = YES;
				CLANG_WARN__DUPLICATE_METHOD_MATCH = YES;
				COPY_PHASE_STRIP = NO;
				DEBUG_INFORMATION_FORMAT = dwarf;
				DEVELOPMENT_TEAM = AT9KX3ZBW6;
				ENABLE_STRICT_OBJC_MSGSEND = YES;
				ENABLE_TESTABILITY = YES;
				ENABLE_USER_SCRIPT_SANDBOXING = NO;
				GCC_C_LANGUAGE_STANDARD = gnu17;
				GCC_DYNAMIC_NO_PIC = NO;
				GCC_NO_COMMON_BLOCKS = YES;
				GCC_OPTIMIZATION_LEVEL = 0;
				GCC_PREPROCESSOR_DEFINITIONS = (
					"DEBUG=1",
					"$(inherited)",
				);
				GCC_WARN_64_TO_32_BIT_CONVERSION = YES;
				GCC_WARN_ABOUT_RETURN_TYPE = YES_ERROR;
				GCC_WARN_UNDECLARED_SELECTOR = YES;
				GCC_WARN_UNINITIALIZED_AUTOS = YES_AGGRESSIVE;
				GCC_WARN_UNUSED_FUNCTION = YES;
				GCC_WARN_UNUSED_VARIABLE = YES;
				LOCALIZATION_PREFERS_STRING_CATALOGS = YES;
				MACOSX_DEPLOYMENT_TARGET = 26.4;
				MTL_ENABLE_DEBUG_INFO = INCLUDE_SOURCE;
				MTL_FAST_MATH = YES;
				ONLY_ACTIVE_ARCH = YES;
				SDKROOT = macosx;
				SWIFT_ACTIVE_COMPILATION_CONDITIONS = "DEBUG $(inherited)";
				SWIFT_OPTIMIZATION_LEVEL = "-Onone";
			};
			name = Debug;
		};
		ECF6492C2FFF661100DA36B7 /* Release */ = {
			isa = XCBuildConfiguration;
			buildSettings = {
				ALWAYS_SEARCH_USER_PATHS = NO;
				ASSETCATALOG_COMPILER_GENERATE_SWIFT_ASSET_SYMBOL_EXTENSIONS = YES;
				CLANG_ANALYZER_NONNULL = YES;
				CLANG_ANALYZER_NUMBER_OBJECT_CONVERSION = YES_AGGRESSIVE;
				CLANG_CXX_LANGUAGE_STANDARD = "gnu++20";
				CLANG_ENABLE_MODULES = YES;
				CLANG_ENABLE_OBJC_ARC = YES;
				CLANG_ENABLE_OBJC_WEAK = YES;
				CLANG_WARN_BLOCK_CAPTURE_AUTORELEASING = YES;
				CLANG_WARN_BOOL_CONVERSION = YES;
				CLANG_WARN_COMMA = YES;
				CLANG_WARN_CONSTANT_CONVERSION = YES;
				CLANG_WARN_DEPRECATED_OBJC_IMPLEMENTATIONS = YES;
				CLANG_WARN_DIRECT_OBJC_ISA_USAGE = YES_ERROR;
				CLANG_WARN_DOCUMENTATION_COMMENTS = YES;
				CLANG_WARN_EMPTY_BODY = YES;
				CLANG_WARN_ENUM_CONVERSION = YES;
				CLANG_WARN_INFINITE_RECURSION = YES;
				CLANG_WARN_INT_CONVERSION = YES;
				CLANG_WARN_NON_LITERAL_NULL_CONVERSION = YES;
				CLANG_WARN_OBJC_IMPLICIT_RETAIN_SELF = YES;
				CLANG_WARN_OBJC_LITERAL_CONVERSION = YES;
				CLANG_WARN_OBJC_ROOT_CLASS = YES_ERROR;
				CLANG_WARN_QUOTED_INCLUDE_IN_FRAMEWORK_HEADER = YES;
				CLANG_WARN_RANGE_LOOP_ANALYSIS = YES;
				CLANG_WARN_STRICT_PROTOTYPES = YES;
				CLANG_WARN_SUSPICIOUS_MOVE = YES;
				CLANG_WARN_UNGUARDED_AVAILABILITY = YES_AGGRESSIVE;
				CLANG_WARN_UNREACHABLE_CODE = YES;
				CLANG_WARN__DUPLICATE_METHOD_MATCH = YES;
				COPY_PHASE_STRIP = NO;
				DEBUG_INFORMATION_FORMAT = "dwarf-with-dsym";
				DEVELOPMENT_TEAM = AT9KX3ZBW6;
				ENABLE_NS_ASSERTIONS = NO;
				ENABLE_STRICT_OBJC_MSGSEND = YES;
				ENABLE_USER_SCRIPT_SANDBOXING = NO;
				GCC_C_LANGUAGE_STANDARD = gnu17;
				GCC_NO_COMMON_BLOCKS = YES;
				GCC_WARN_64_TO_32_BIT_CONVERSION = YES;
				GCC_WARN_ABOUT_RETURN_TYPE = YES_ERROR;
				GCC_WARN_UNDECLARED_SELECTOR = YES;
				GCC_WARN_UNINITIALIZED_AUTOS = YES_AGGRESSIVE;
				GCC_WARN_UNUSED_FUNCTION = YES;
				GCC_WARN_UNUSED_VARIABLE = YES;
				LOCALIZATION_PREFERS_STRING_CATALOGS = YES;
				MACOSX_DEPLOYMENT_TARGET = 26.4;
				MTL_ENABLE_DEBUG_INFO = NO;
				MTL_FAST_MATH = YES;
				SDKROOT = macosx;
				SWIFT_COMPILATION_MODE = wholemodule;
			};
			name = Release;
		};
		ECF6492E2FFF661100DA36B7 /* Debug */ = {
			isa = XCBuildConfiguration;
			buildSettings = {
				ASSETCATALOG_COMPILER_APPICON_NAME = AppIcon;
				ASSETCATALOG_COMPILER_GLOBAL_ACCENT_COLOR_NAME = AccentColor;
				CODE_SIGN_STYLE = Automatic;
				COMBINE_HIDPI_IMAGES = YES;
				CURRENT_PROJECT_VERSION = 1;
				DEVELOPMENT_TEAM = "";
				ENABLE_APP_SANDBOX = YES;
				ENABLE_HARDENED_RUNTIME = YES;
				ENABLE_PREVIEWS = YES;
				ENABLE_USER_SELECTED_FILES = readonly;
				GENERATE_INFOPLIST_FILE = YES;
				INFOPLIST_FILE = NOMA/Info.plist;
				INFOPLIST_KEY_NSHumanReadableCopyright = "";
				INFOPLIST_KEY_NSSpeechRecognitionUsageDescription = "음성을 텍스트로 변환하기 위해 음성 인식 권한이 필요합니다.";
				LD_RUNPATH_SEARCH_PATHS = (
					"$(inherited)",
					"@executable_path/../Frameworks",
				);
				MARKETING_VERSION = 1.0.0;
				PRODUCT_BUNDLE_IDENTIFIER = com.noma.noma.NOMA;
				PRODUCT_NAME = "$(TARGET_NAME)";
				REGISTER_APP_GROUPS = YES;
				STRING_CATALOG_GENERATE_SYMBOLS = YES;
				SWIFT_APPROACHABLE_CONCURRENCY = YES;
				SWIFT_DEFAULT_ACTOR_ISOLATION = MainActor;
				SWIFT_EMIT_LOC_STRINGS = YES;
				SWIFT_UPCOMING_FEATURE_MEMBER_IMPORT_VISIBILITY = YES;
				SWIFT_VERSION = 6.0;
			};
			name = Debug;
		};
		ECF6492F2FFF661100DA36B7 /* Release */ = {
			isa = XCBuildConfiguration;
			buildSettings = {
				ASSETCATALOG_COMPILER_APPICON_NAME = AppIcon;
				ASSETCATALOG_COMPILER_GLOBAL_ACCENT_COLOR_NAME = AccentColor;
				CODE_SIGN_STYLE = Automatic;
				COMBINE_HIDPI_IMAGES = YES;
				CURRENT_PROJECT_VERSION = 1;
				DEVELOPMENT_TEAM = "";
				ENABLE_APP_SANDBOX = YES;
				ENABLE_HARDENED_RUNTIME = YES;
				ENABLE_PREVIEWS = YES;
				ENABLE_USER_SELECTED_FILES = readonly;
				GENERATE_INFOPLIST_FILE = YES;
				INFOPLIST_FILE = NOMA/Info.plist;
				INFOPLIST_KEY_NSHumanReadableCopyright = "";
				INFOPLIST_KEY_NSSpeechRecognitionUsageDescription = "음성을 텍스트로 변환하기 위해 음성 인식 권한이 필요합니다.";
				LD_RUNPATH_SEARCH_PATHS = (
					"$(inherited)",
					"@executable_path/../Frameworks",
				);
				MARKETING_VERSION = 1.0.0;
				PRODUCT_BUNDLE_IDENTIFIER = com.noma.noma.NOMA;
				PRODUCT_NAME = "$(TARGET_NAME)";
				REGISTER_APP_GROUPS = YES;
				STRING_CATALOG_GENERATE_SYMBOLS = YES;
				SWIFT_APPROACHABLE_CONCURRENCY = YES;
				SWIFT_DEFAULT_ACTOR_ISOLATION = MainActor;
				SWIFT_EMIT_LOC_STRINGS = YES;
				SWIFT_UPCOMING_FEATURE_MEMBER_IMPORT_VISIBILITY = YES;
				SWIFT_VERSION = 6.0;
			};
			name = Release;
		};
/* End XCBuildConfiguration section */

/* Begin XCConfigurationList section */
		ECF6491D2FFF661100DA36B7 /* Build configuration list for PBXProject "NOMA" */ = {
			isa = XCConfigurationList;
			buildConfigurations = (
				ECF6492B2FFF661100DA36B7 /* Debug */,
				ECF6492C2FFF661100DA36B7 /* Release */,
			);
			defaultConfigurationIsVisible = 0;
			defaultConfigurationName = Release;
		};
		ECF6492D2FFF661100DA36B7 /* Build configuration list for PBXNativeTarget "NOMA" */ = {
			isa = XCConfigurationList;
			buildConfigurations = (
				ECF6492E2FFF661100DA36B7 /* Debug */,
				ECF6492F2FFF661100DA36B7 /* Release */,
			);
			defaultConfigurationIsVisible = 0;
			defaultConfigurationName = Release;
		};
/* End XCConfigurationList section */
	};
	rootObject = ECF6491A2FFF661100DA36B7 /* Project object */;
}
